<?xml version="1.0" encoding="utf-8"?>
<Project ToolsVersion="4.0" xmlns="http://schemas.microsoft.com/developer/msbuild/2003">
  <ItemGroup>
    <Filter Include="Inc">
      <UniqueIdentifier>{a8ab7f2d-c839-425d-a1a7-34fef54e862a}</UniqueIdentifier>
    </Filter>
    <Filter Include="Src">
      <UniqueIdentifier>{eea4b5d1-56d1-46a3-a540-535f82274a69}</UniqueIdentifier>
    </Filter>
    <Filter Include="Src\World">
      <UniqueIdentifier>{d8da2e97-59e7-49fb-90fc-b59917b871a6}</UniqueIdentifier>
    </Filter>
    <Filter Include="Inc\App">
      <UniqueIdentifier>{b6a04137-6ca7-46bb-8e58-6a278c945c3a}</UniqueIdentifier>
    </Filter>
    <Filter Include="Inc\World">
      <UniqueIdentifier>{b4bcf16d-14cf-4871-93ac-37dd1d6e2955}</UniqueIdentifier>
    </Filter>
    <Filter Include="Src\App">
      <UniqueIdentifier>{13750080-ef2a-43e6-8be3-6e6a97a3db66}</UniqueIdentifier>
    </Filter>
    <Filter Include="Inc\Components">
      <UniqueIdentifier>{f2866ab6-5263-4004-8337-048da289433d}</UniqueIdentifier>
    </Filter>
    <Filter Include="Src\Components">
      <UniqueIdentifier>{ce81d9e1-5feb-40f9-888a-ed74c459eb9d}</UniqueIdentifier>
    </Filter>
    <Filter Include="Inc\Services">
      <UniqueIdentifier>{1940b6a4-2539-4219-86cb-0a0310b3094f}</UniqueIdentifier>
    </Filter>
    <Filter Include="Src\Services">
      <UniqueIdentifier>{4e66d567-10df-4b09-bcbe-a2b12c6979eb}</UniqueIdentifier>
    </Filter>
  </ItemGroup>
  <ItemGroup>
    <ClInclude Include="Inc\Common.h">
      <Filter>Inc</Filter>
    </ClInclude>
    <ClInclude Include="Inc\Storm.h">
      <Filter>Inc</Filter>
    </ClInclude>
    <ClInclude Include="Src\Precompiled.h">
      <Filter>Src</Filter>
    </ClInclude>
    <ClInclude Include="Inc\App.h">
      <Filter>Inc\App</Filter>
    </ClInclude>
    <ClInclude Include="Inc\AppState.h">
      <Filter>Inc\App</Filter>
    </ClInclude>
    <ClInclude Include="Inc\Component.h">
      <Filter>Inc\World</Filter>
    </ClInclude>
    <ClInclude Include="Inc\GameObject.h">
      <Filter>Inc\World</Filter>
    </ClInclude>
    <ClInclude Include="Inc\Typelds.h">
      <Filter>Inc\World</Filter>
    </ClInclude>
    <ClInclude Include="Inc\GameObjectHandle.h">
      <Filter>Inc\World</Filter>
    </ClInclude>
    <ClInclude Include="Inc\GameWorld.h">
      <Filter>Inc\World</Filter>
    </ClInclude>
    <ClInclude Include="Inc\Service.h">
      <Filter>Inc\World</Filter>
    </ClInclude>
    <ClInclude Include="Inc\GameObjectFactory.h">
      <Filter>Inc\World</Filter>
    </ClInclude>
    <ClInclude Include="Inc\TransformComponent.h">
      <Filter>Inc\Components</Filter>
    </ClInclude>
    <ClInclude Include="Inc\ColliderComponent.h">
      <Filter>Inc\Components</Filter>
    </ClInclude>
    <ClInclude Include="Inc\RenderService.h">
      <Filter>Inc\Services</Filter>
    </ClInclude>
    <ClInclude Include="Inc\ModelComponent.h">
      <Filter>Inc\Components</Filter>
    </ClInclude>
    <ClInclude Include="Inc\CameraComponent.h">
      <Filter>Inc\Components</Filter>
    </ClInclude>
    <ClInclude Include="Inc\FPSCameraControllerComponent.h">
      <Filter>Inc\Components</Filter>
    </ClInclude>
    <ClInclude Include="Inc\CameraService.h">
      <Filter>Inc\Services</Filter>
    </ClInclude>
    <ClInclude Include="Inc\TerrainService.h">
      <Filter>Inc\Services</Filter>
    </ClInclude>
    <ClInclude Include="Inc\AnimatorComponent.h">
      <Filter>Inc\Components</Filter>
    </ClInclude>
    <ClInclude Include="Inc\FollowCameraControllerComponent.h">
      <Filter>Inc\Components</Filter>
    </ClInclude>
    <ClInclude Include="Inc\PhysicsService.h">
      <Filter>Inc\Services</Filter>
    </ClInclude>
    <ClInclude Include="Inc\ColliderService.h">
      <Filter>Inc\Services</Filter>
    </ClInclude>
    <ClInclude Include="Inc\RigidBodyComponent.h">
      <Filter>Inc\Components</Filter>
    </ClInclude>
  </ItemGroup>
  <ItemGroup>
    <ClCompile Include="Src\Precompiled.cpp">
      <Filter>Src</Filter>
    </ClCompile>
    <ClCompile Include="Src\Storm.cpp">
      <Filter>Src</Filter>
    </ClCompile>
    <ClCompile Include="Src\App.cpp">
      <Filter>Src\App</Filter>
    </ClCompile>
    <ClCompile Include="Src\GameObject.cpp">
      <Filter>Src\World</Filter>
    </ClCompile>
    <ClCompile Include="Src\GameWorld.cpp">
      <Filter>Src\World</Filter>
    </ClCompile>
    <ClCompile Include="Src\GameObjectFactory.cpp">
      <Filter>Src\World</Filter>
    </ClCompile>
    <ClCompile Include="Src\ColliderComponent.cpp">
      <Filter>Src\Components</Filter>
    </ClCompile>
    <ClCompile Include="Src\TransformComponent.cpp">
      <Filter>Src\Components</Filter>
    </ClCompile>
    <ClCompile Include="Src\RenderService.cpp">
      <Filter>Src\Services</Filter>
    </ClCompile>
    <ClCompile Include="Src\ModelComponent.cpp">
      <Filter>Src\Components</Filter>
    </ClCompile>
    <ClCompile Include="Src\CameraComponent.cpp">
      <Filter>Src\Components</Filter>
    </ClCompile>
    <ClCompile Include="Src\FPSCameraControllerComponent.cpp">
      <Filter>Src\Components</Filter>
    </ClCompile>
    <ClCompile Include="Src\CameraService.cpp">
      <Filter>Src\Services</Filter>
    </ClCompile>
    <ClCompile Include="Src\TerrainService.cpp">
      <Filter>Src\Services</Filter>
    </ClCompile>
    <ClCompile Include="Src\AnimatorComponent.cpp">
      <Filter>Src\Components</Filter>
    </ClCompile>
    <ClCompile Include="Src\FollowCameraControllerComponent.cpp">
      <Filter>Src\Components</Filter>
    </ClCompile>
    <ClCompile Include="Src\PhysicsService.cpp">
      <Filter>Src\Services</Filter>
    </ClCompile>
    <ClCompile Include="Src\ColliderService.cpp">
      <Filter>Src\Services</Filter>
    </ClCompile>
    <ClCompile Include="Src\RigidBodyComponent.cpp">
      <Filter>Src\Components</Filter>
    </ClCompile>
  </ItemGroup>
</Project>