
Microsoft Visual Studio Solution File, Format Version 12.00
# Visual Studio Version 16
VisualStudioVersion = 16.0.30804.86
MinimumVisualStudioVersion = 10.0.40219.1
Project("{2150E333-8FDC-42A3-9474-1A3956D46DE8}") = "Framework", "Framework", "{349047F8-8760-4120-8DD4-4BA65AAD9335}"
EndProject
Project("{8BC9CEB8-8B4A-11D0-8D11-00A0C91BC942}") = "Core", "Framework\Core\Core.vcxproj", "{4848755E-5716-4E38-9E48-74CF7493FEEB}"
EndProject
Project("{2150E333-8FDC-42A3-9474-1A3956D46DE8}") = "VGP242", "VGP242", "{423C2D8D-8746-4F57-BDD2-7776EBFDA41E}"
EndProject
Project("{8BC9CEB8-8B4A-11D0-8D11-00A0C91BC942}") = "00_HelloWorld", "VGP242\00_HelloWorld\00_HelloWorld.vcxproj", "{8B19110B-CC46-49EA-9830-15D8D1CA32DF}"
EndProject
Project("{8BC9CEB8-8B4A-11D0-8D11-00A0C91BC942}") = "Math", "Framework\Math\Math.vcxproj", "{5D5FE73A-47B8-4E05-B9E0-4C08F6460115}"
EndProject
Project("{2150E333-8FDC-42A3-9474-1A3956D46DE8}") = "UnitTests", "UnitTests", "{F632C522-D916-4087-AA8B-98AD0AA82EA8}"
EndProject
Project("{8BC9CEB8-8B4A-11D0-8D11-00A0C91BC942}") = "MathTest", "UnitTests\MathTest\MathTest.vcxproj", "{54DE2463-6B95-40A3-B2DB-0BD9853DFFC4}"
EndProject
Project("{8BC9CEB8-8B4A-11D0-8D11-00A0C91BC942}") = "01_HelloWindow", "VGP242\01_HelloWindow\01_HelloWindow.vcxproj", "{4F3DE034-6FCC-4FBF-B2CA-E94A5BAE3192}"
EndProject
Project("{8BC9CEB8-8B4A-11D0-8D11-00A0C91BC942}") = "Graphics", "Framework\Graphics\Graphics.vcxproj", "{1A25D200-F922-401A-B347-7EA810EE6776}"
EndProject
Project("{8BC9CEB8-8B4A-11D0-8D11-00A0C91BC942}") = "02_HelloDirectX", "VGP242\02_HelloDirectX\02_HelloDirectX.vcxproj", "{0A4C0530-7556-4227-9A83-A08AEB8EDF60}"
EndProject
Project("{2150E333-8FDC-42A3-9474-1A3956D46DE8}") = "Engine", "Engine", "{CEE12595-8576-4C14-AC22-7D453304E556}"
EndProject
Project("{8BC9CEB8-8B4A-11D0-8D11-00A0C91BC942}") = "Storm", "Engine\Storm\Storm.vcxproj", "{E81C7D9D-8BB1-46DE-96F3-F4C302293077}"
EndProject
Project("{8BC9CEB8-8B4A-11D0-8D11-00A0C91BC942}") = "03_HelloTriangle", "VGP242\03_HelloTriangle\03_HelloTriangle.vcxproj", "{F2CE9FC7-92F9-4C88-B109-2F4286663E8F}"
EndProject
Project("{8BC9CEB8-8B4A-11D0-8D11-00A0C91BC942}") = "04_HelloShapes", "VGP242\04_HelloShapes\04_HelloShapes.vcxproj", "{A8A743DD-35B0-42DC-BE0D-010155D7C87B}"
EndProject
Project("{2150E333-8FDC-42A3-9474-1A3956D46DE8}") = "External", "External", "{275F503E-82CA-4021-8256-16BCCD8FA29C}"
EndProject
Project("{8BC9CEB8-8B4A-11D0-8D11-00A0C91BC942}") = "DirectXTK_Desktop_2019", "External\DirectXTK\DirectXTK_Desktop_2019.vcxproj", "{E0B52AE7-E160-4D32-BF3F-910B785E5A8E}"
EndProject
Project("{8BC9CEB8-8B4A-11D0-8D11-00A0C91BC942}") = "Input", "Framework\Input\Input.vcxproj", "{35413D79-172A-451B-A863-72A91948313C}"
EndProject
Project("{2150E333-8FDC-42A3-9474-1A3956D46DE8}") = "Assets", "Assets", "{E8E01056-23AE-4AD7-965A-D1D06BA796A3}"
EndProject
Project("{2150E333-8FDC-42A3-9474-1A3956D46DE8}") = "Shaders", "Shaders", "{7F05EC14-0F63-4CA0-BAEB-F384EDFABEB1}"
	ProjectSection(SolutionItems) = preProject
		Assets\Shaders\BlockGlitch.fx = Assets\Shaders\BlockGlitch.fx
		Assets\Shaders\DoNothing.fx = Assets\Shaders\DoNothing.fx
		Assets\Shaders\DoSomething.fx = Assets\Shaders\DoSomething.fx
		Assets\Shaders\DoTexturing.fx = Assets\Shaders\DoTexturing.fx
		Assets\Shaders\DoTransform.fx = Assets\Shaders\DoTransform.fx
		Assets\Shaders\GaussianBlur.fx = Assets\Shaders\GaussianBlur.fx
		Assets\Shaders\Particle.fx = Assets\Shaders\Particle.fx
		Assets\Shaders\PostProcess.fx = Assets\Shaders\PostProcess.fx
		Assets\Shaders\Shadow.fx = Assets\Shaders\Shadow.fx
		Assets\Shaders\SimpleDraw.fx = Assets\Shaders\SimpleDraw.fx
		Assets\Shaders\SimpleEffect.fx = Assets\Shaders\SimpleEffect.fx
		Assets\Shaders\Standard.fx = Assets\Shaders\Standard.fx
		Assets\Shaders\Terrain.fx = Assets\Shaders\Terrain.fx
	EndProjectSection
EndProject
Project("{8BC9CEB8-8B4A-11D0-8D11-00A0C91BC942}") = "05_HelloCube", "VGP242\05_HelloCube\05_HelloCube.vcxproj", "{D55721D0-428C-437A-85F7-E6A483538D9B}"
EndProject
Project("{8BC9CEB8-8B4A-11D0-8D11-00A0C91BC942}") = "VGP242_Final", "VGP242\VGP242_Final\VGP242_Final.vcxproj", "{4D0864ED-BA4E-4864-942E-DE7DB21D8618}"
EndProject
Project("{8BC9CEB8-8B4A-11D0-8D11-00A0C91BC942}") = "ImGui", "External\ImGui\ImGui.vcxproj", "{27CE3A0A-2261-4338-B142-C7C7F5C5E09A}"
EndProject
Project("{2150E333-8FDC-42A3-9474-1A3956D46DE8}") = "VGP330", "VGP330", "{622A56DC-5848-4D7A-B1A1-42C3046182A6}"
EndProject
Project("{8BC9CEB8-8B4A-11D0-8D11-00A0C91BC942}") = "06_HelloSimpleDraw", "VGP330\06_HelloSimpleDraw\06_HelloSimpleDraw.vcxproj", "{08C9E291-618C-4B48-9E5B-98CC0E117350}"
EndProject
Project("{8BC9CEB8-8B4A-11D0-8D11-00A0C91BC942}") = "07_HelloLighting", "VGP330\07_HelloLighting\07_HelloLighting.vcxproj", "{AF453E6B-1A68-4A3B-ADB9-781C8CFF9354}"
EndProject
Project("{8BC9CEB8-8B4A-11D0-8D11-00A0C91BC942}") = "08_HelloPostProcessing", "VGP330\08_HelloPostProcessing\08_HelloPostProcessing.vcxproj", "{1E4DD8C9-381F-488B-B4A4-6C7428419A44}"
EndProject
Project("{8BC9CEB8-8B4A-11D0-8D11-00A0C91BC942}") = "09_HelloBloom", "VGP330\09_HelloBloom\09_HelloBloom.vcxproj", "{164F6CB9-ECA9-412B-801E-EE78C54AA9F4}"
EndProject
Project("{2150E333-8FDC-42A3-9474-1A3956D46DE8}") = "Tools", "Tools", "{C92EE530-CB04-4D68-BBCD-8B300F9EB4A8}"
EndProject
Project("{8BC9CEB8-8B4A-11D0-8D11-00A0C91BC942}") = "ModelImporter", "Tools\ModelImporter\ModelImporter.vcxproj", "{339E4E6C-3634-4600-9F6F-BD4271D8D6A8}"
EndProject
Project("{8BC9CEB8-8B4A-11D0-8D11-00A0C91BC942}") = "10_HelloShadow", "VGP330\10_HelloShadow\10_HelloShadow.vcxproj", "{B7C29047-90C5-453F-8852-14AEEE14EB0D}"
EndProject
Project("{8BC9CEB8-8B4A-11D0-8D11-00A0C91BC942}") = "VGP330_Final", "VGP330\VGP330_Final\VGP330_Final.vcxproj", "{33204B7F-76AA-4E13-9198-36DD5E876DFC}"
EndProject
Project("{2150E333-8FDC-42A3-9474-1A3956D46DE8}") = "VGP334", "VGP334", "{6573978A-A1B8-4150-8A2A-9F7056F473F5}"
EndProject
Project("{8BC9CEB8-8B4A-11D0-8D11-00A0C91BC942}") = "11_HelloAnimation", "VGP334\11_HelloAnimation\11_HelloAnimation.vcxproj", "{AFE8EE61-D6FA-42C8-8A17-D7C8F5247897}"
EndProject
Project("{8BC9CEB8-8B4A-11D0-8D11-00A0C91BC942}") = "12_HelloModel", "VGP334\12_HelloModel\12_HelloModel.vcxproj", "{5DD18C1A-E274-434F-A7BD-23DB0EFB7356}"
EndProject
Project("{8BC9CEB8-8B4A-11D0-8D11-00A0C91BC942}") = "Physics", "Framework\Physics\Physics.vcxproj", "{397519AC-8DA5-444B-AD20-545DD8A7722A}"
EndProject
Project("{8BC9CEB8-8B4A-11D0-8D11-00A0C91BC942}") = "13_HelloPhysics", "VGP334\13_HelloPhysics\13_HelloPhysics.vcxproj", "{AEE65C43-F2B3-496D-BD9B-6B892D398F2D}"
EndProject
Project("{8BC9CEB8-8B4A-11D0-8D11-00A0C91BC942}") = "13.1_HelloCloth", "VGP334\13.1_HelloCloth\13.1_HelloCloth.vcxproj", "{B28AFDCE-F342-4F4C-AAEF-4051DD74A745}"
EndProject
Project("{8BC9CEB8-8B4A-11D0-8D11-00A0C91BC942}") = "CoreTest", "UnitTests\CoreTest\CoreTest.vcxproj", "{1972D3A9-BC41-401C-8B9D-0F1FF7AB4497}"
EndProject
Project("{2150E333-8FDC-42A3-9474-1A3956D46DE8}") = "Templates", "Templates", "{519D1081-82AD-4415-8BA4-C14AF4F26A5E}"
	ProjectSection(SolutionItems) = preProject
		Assets\Templates\ball.json = Assets\Templates\ball.json
		Assets\Templates\Camera.json = Assets\Templates\Camera.json
		Assets\Templates\car.json = Assets\Templates\car.json
		Assets\Templates\car2.json = Assets\Templates\car2.json
		Assets\Templates\Character.json = Assets\Templates\Character.json
		Assets\Templates\city.json = Assets\Templates\city.json
		Assets\Templates\cloth.json = Assets\Templates\cloth.json
		Assets\Templates\follow_camera.json = Assets\Templates\follow_camera.json
		Assets\Templates\fps_camera.json = Assets\Templates\fps_camera.json
		Assets\Templates\ground.json = Assets\Templates\ground.json
		Assets\Templates\planet.json = Assets\Templates\planet.json
		Assets\Templates\player.json = Assets\Templates\player.json
		Assets\Templates\tank.json = Assets\Templates\tank.json
		Assets\Templates\test.json = Assets\Templates\test.json
	EndProjectSection
	ProjectSection(FolderGlobals) = preProject
		D_5_4Goanywhere_4Storm_4Assets_4Templates_4city_1json__JsonSchema = https://citation-file-format.github.io/1.2.0/schema.json
	EndProjectSection
EndProject
Project("{2150E333-8FDC-42A3-9474-1A3956D46DE8}") = "VGP336", "VGP336", "{DF32C147-0F92-42BA-880D-5F56DA8F281F}"
EndProject
Project("{8BC9CEB8-8B4A-11D0-8D11-00A0C91BC942}") = "TestGame", "VGP336\TestGame\TestGame.vcxproj", "{EDB8EB6C-BBC8-447A-8D04-79C32FCBA3D8}"
EndProject
Project("{2150E333-8FDC-42A3-9474-1A3956D46DE8}") = "Apps", "Apps", "{A9E066E0-8B32-4779-8FBA-B62D2A10A44E}"
EndProject
Project("{8BC9CEB8-8B4A-11D0-8D11-00A0C91BC942}") = "DingySpirit", "Apps\DingySpirit\DingySpirit.vcxproj", "{406BEB9C-6A34-4411-AAB1-415D428F98A4}"
EndProject
Project("{8BC9CEB8-8B4A-11D0-8D11-00A0C91BC942}") = "Racing", "Apps\Racing\Racing.vcxproj", "{46DC89F9-F691-41B2-BD2A-A58B99EAC4DB}"
EndProject
Project("{2150E333-8FDC-42A3-9474-1A3956D46DE8}") = "Levels", "Levels", "{F206B1D5-9084-4627-9688-360C113ABDA6}"
	ProjectSection(SolutionItems) = preProject
		Assets\Levels\test_level.json = Assets\Levels\test_level.json
	EndProjectSection
EndProject
Project("{8BC9CEB8-8B4A-11D0-8D11-00A0C91BC942}") = "Ball", "Apps\Ball\Ball.vcxproj", "{8C7E87E1-24B6-4956-8C5E-1C1911164A86}"
EndProject
Project("{2150E333-8FDC-42A3-9474-1A3956D46DE8}") = "Portfolio", "Portfolio", "{47DF7B83-0D6D-412F-96E0-39E6BBA80BE2}"
EndProject
Project("{8BC9CEB8-8B4A-11D0-8D11-00A0C91BC942}") = "PostProcessing", "Portfolio\PostProcessing\PostProcessing.vcxproj", "{8C2C90C6-BC77-4925-A4C2-2EFCF700AF92}"
EndProject
Global
	GlobalSection(SolutionConfigurationPlatforms) = preSolution
		Debug|x64 = Debug|x64
		Debug|x86 = Debug|x86
		Release|x64 = Release|x64
		Release|x86 = Release|x86
	EndGlobalSection
	GlobalSection(ProjectConfigurationPlatforms) = postSolution
		{4848755E-5716-4E38-9E48-74CF7493FEEB}.Debug|x64.ActiveCfg = Debug|x64
		{4848755E-5716-4E38-9E48-74CF7493FEEB}.Debug|x64.Build.0 = Debug|x64
		{4848755E-5716-4E38-9E48-74CF7493FEEB}.Debug|x86.ActiveCfg = Debug|Win32
		{4848755E-5716-4E38-9E48-74CF7493FEEB}.Debug|x86.Build.0 = Debug|Win32
		{4848755E-5716-4E38-9E48-74CF7493FEEB}.Release|x64.ActiveCfg = Release|x64
		{4848755E-5716-4E38-9E48-74CF7493FEEB}.Release|x64.Build.0 = Release|x64
		{4848755E-5716-4E38-9E48-74CF7493FEEB}.Release|x86.ActiveCfg = Release|Win32
		{4848755E-5716-4E38-9E48-74CF7493FEEB}.Release|x86.Build.0 = Release|Win32
		{8B19110B-CC46-49EA-9830-15D8D1CA32DF}.Debug|x64.ActiveCfg = Debug|x64
		{8B19110B-CC46-49EA-9830-15D8D1CA32DF}.Debug|x64.Build.0 = Debug|x64
		{8B19110B-CC46-49EA-9830-15D8D1CA32DF}.Debug|x86.ActiveCfg = Debug|Win32
		{8B19110B-CC46-49EA-9830-15D8D1CA32DF}.Debug|x86.Build.0 = Debug|Win32
		{8B19110B-CC46-49EA-9830-15D8D1CA32DF}.Release|x64.ActiveCfg = Release|x64
		{8B19110B-CC46-49EA-9830-15D8D1CA32DF}.Release|x64.Build.0 = Release|x64
		{8B19110B-CC46-49EA-9830-15D8D1CA32DF}.Release|x86.ActiveCfg = Release|Win32
		{8B19110B-CC46-49EA-9830-15D8D1CA32DF}.Release|x86.Build.0 = Release|Win32
		{5D5FE73A-47B8-4E05-B9E0-4C08F6460115}.Debug|x64.ActiveCfg = Debug|x64
		{5D5FE73A-47B8-4E05-B9E0-4C08F6460115}.Debug|x64.Build.0 = Debug|x64
		{5D5FE73A-47B8-4E05-B9E0-4C08F6460115}.Debug|x86.ActiveCfg = Debug|Win32
		{5D5FE73A-47B8-4E05-B9E0-4C08F6460115}.Debug|x86.Build.0 = Debug|Win32
		{5D5FE73A-47B8-4E05-B9E0-4C08F6460115}.Release|x64.ActiveCfg = Release|x64
		{5D5FE73A-47B8-4E05-B9E0-4C08F6460115}.Release|x64.Build.0 = Release|x64
		{5D5FE73A-47B8-4E05-B9E0-4C08F6460115}.Release|x86.ActiveCfg = Release|Win32
		{5D5FE73A-47B8-4E05-B9E0-4C08F6460115}.Release|x86.Build.0 = Release|Win32
		{54DE2463-6B95-40A3-B2DB-0BD9853DFFC4}.Debug|x64.ActiveCfg = Debug|x64
		{54DE2463-6B95-40A3-B2DB-0BD9853DFFC4}.Debug|x64.Build.0 = Debug|x64
		{54DE2463-6B95-40A3-B2DB-0BD9853DFFC4}.Debug|x86.ActiveCfg = Debug|Win32
		{54DE2463-6B95-40A3-B2DB-0BD9853DFFC4}.Debug|x86.Build.0 = Debug|Win32
		{54DE2463-6B95-40A3-B2DB-0BD9853DFFC4}.Release|x64.ActiveCfg = Release|x64
		{54DE2463-6B95-40A3-B2DB-0BD9853DFFC4}.Release|x64.Build.0 = Release|x64
		{54DE2463-6B95-40A3-B2DB-0BD9853DFFC4}.Release|x86.ActiveCfg = Release|Win32
		{54DE2463-6B95-40A3-B2DB-0BD9853DFFC4}.Release|x86.Build.0 = Release|Win32
		{4F3DE034-6FCC-4FBF-B2CA-E94A5BAE3192}.Debug|x64.ActiveCfg = Debug|x64
		{4F3DE034-6FCC-4FBF-B2CA-E94A5BAE3192}.Debug|x64.Build.0 = Debug|x64
		{4F3DE034-6FCC-4FBF-B2CA-E94A5BAE3192}.Debug|x86.ActiveCfg = Debug|Win32
		{4F3DE034-6FCC-4FBF-B2CA-E94A5BAE3192}.Debug|x86.Build.0 = Debug|Win32
		{4F3DE034-6FCC-4FBF-B2CA-E94A5BAE3192}.Release|x64.ActiveCfg = Release|x64
		{4F3DE034-6FCC-4FBF-B2CA-E94A5BAE3192}.Release|x64.Build.0 = Release|x64
		{4F3DE034-6FCC-4FBF-B2CA-E94A5BAE3192}.Release|x86.ActiveCfg = Release|Win32
		{4F3DE034-6FCC-4FBF-B2CA-E94A5BAE3192}.Release|x86.Build.0 = Release|Win32
		{1A25D200-F922-401A-B347-7EA810EE6776}.Debug|x64.ActiveCfg = Debug|x64
		{1A25D200-F922-401A-B347-7EA810EE6776}.Debug|x64.Build.0 = Debug|x64
		{1A25D200-F922-401A-B347-7EA810EE6776}.Debug|x86.ActiveCfg = Debug|Win32
		{1A25D200-F922-401A-B347-7EA810EE6776}.Debug|x86.Build.0 = Debug|Win32
		{1A25D200-F922-401A-B347-7EA810EE6776}.Release|x64.ActiveCfg = Release|x64
		{1A25D200-F922-401A-B347-7EA810EE6776}.Release|x64.Build.0 = Release|x64
		{1A25D200-F922-401A-B347-7EA810EE6776}.Release|x86.ActiveCfg = Release|Win32
		{1A25D200-F922-401A-B347-7EA810EE6776}.Release|x86.Build.0 = Release|Win32
		{0A4C0530-7556-4227-9A83-A08AEB8EDF60}.Debug|x64.ActiveCfg = Debug|x64
		{0A4C0530-7556-4227-9A83-A08AEB8EDF60}.Debug|x64.Build.0 = Debug|x64
		{0A4C0530-7556-4227-9A83-A08AEB8EDF60}.Debug|x86.ActiveCfg = Debug|Win32
		{0A4C0530-7556-4227-9A83-A08AEB8EDF60}.Debug|x86.Build.0 = Debug|Win32
		{0A4C0530-7556-4227-9A83-A08AEB8EDF60}.Release|x64.ActiveCfg = Release|x64
		{0A4C0530-7556-4227-9A83-A08AEB8EDF60}.Release|x64.Build.0 = Release|x64
		{0A4C0530-7556-4227-9A83-A08AEB8EDF60}.Release|x86.ActiveCfg = Release|Win32
		{0A4C0530-7556-4227-9A83-A08AEB8EDF60}.Release|x86.Build.0 = Release|Win32
		{E81C7D9D-8BB1-46DE-96F3-F4C302293077}.Debug|x64.ActiveCfg = Debug|x64
		{E81C7D9D-8BB1-46DE-96F3-F4C302293077}.Debug|x64.Build.0 = Debug|x64
		{E81C7D9D-8BB1-46DE-96F3-F4C302293077}.Debug|x86.ActiveCfg = Debug|Win32
		{E81C7D9D-8BB1-46DE-96F3-F4C302293077}.Debug|x86.Build.0 = Debug|Win32
		{E81C7D9D-8BB1-46DE-96F3-F4C302293077}.Release|x64.ActiveCfg = Release|x64
		{E81C7D9D-8BB1-46DE-96F3-F4C302293077}.Release|x64.Build.0 = Release|x64
		{E81C7D9D-8BB1-46DE-96F3-F4C302293077}.Release|x86.ActiveCfg = Release|Win32
		{E81C7D9D-8BB1-46DE-96F3-F4C302293077}.Release|x86.Build.0 = Release|Win32
		{F2CE9FC7-92F9-4C88-B109-2F4286663E8F}.Debug|x64.ActiveCfg = Debug|x64
		{F2CE9FC7-92F9-4C88-B109-2F4286663E8F}.Debug|x64.Build.0 = Debug|x64
		{F2CE9FC7-92F9-4C88-B109-2F4286663E8F}.Debug|x86.ActiveCfg = Debug|Win32
		{F2CE9FC7-92F9-4C88-B109-2F4286663E8F}.Debug|x86.Build.0 = Debug|Win32
		{F2CE9FC7-92F9-4C88-B109-2F4286663E8F}.Release|x64.ActiveCfg = Release|x64
		{F2CE9FC7-92F9-4C88-B109-2F4286663E8F}.Release|x64.Build.0 = Release|x64
		{F2CE9FC7-92F9-4C88-B109-2F4286663E8F}.Release|x86.ActiveCfg = Release|Win32
		{F2CE9FC7-92F9-4C88-B109-2F4286663E8F}.Release|x86.Build.0 = Release|Win32
		{A8A743DD-35B0-42DC-BE0D-010155D7C87B}.Debug|x64.ActiveCfg = Debug|x64
		{A8A743DD-35B0-42DC-BE0D-010155D7C87B}.Debug|x64.Build.0 = Debug|x64
		{A8A743DD-35B0-42DC-BE0D-010155D7C87B}.Debug|x86.ActiveCfg = Debug|Win32
		{A8A743DD-35B0-42DC-BE0D-010155D7C87B}.Debug|x86.Build.0 = Debug|Win32
		{A8A743DD-35B0-42DC-BE0D-010155D7C87B}.Release|x64.ActiveCfg = Release|x64
		{A8A743DD-35B0-42DC-BE0D-010155D7C87B}.Release|x64.Build.0 = Release|x64
		{A8A743DD-35B0-42DC-BE0D-010155D7C87B}.Release|x86.ActiveCfg = Release|Win32
		{A8A743DD-35B0-42DC-BE0D-010155D7C87B}.Release|x86.Build.0 = Release|Win32
		{E0B52AE7-E160-4D32-BF3F-910B785E5A8E}.Debug|x64.ActiveCfg = Debug|x64
		{E0B52AE7-E160-4D32-BF3F-910B785E5A8E}.Debug|x64.Build.0 = Debug|x64
		{E0B52AE7-E160-4D32-BF3F-910B785E5A8E}.Debug|x86.ActiveCfg = Debug|Win32
		{E0B52AE7-E160-4D32-BF3F-910B785E5A8E}.Debug|x86.Build.0 = Debug|Win32
		{E0B52AE7-E160-4D32-BF3F-910B785E5A8E}.Release|x64.ActiveCfg = Release|x64
		{E0B52AE7-E160-4D32-BF3F-910B785E5A8E}.Release|x64.Build.0 = Release|x64
		{E0B52AE7-E160-4D32-BF3F-910B785E5A8E}.Release|x86.ActiveCfg = Release|Win32
		{E0B52AE7-E160-4D32-BF3F-910B785E5A8E}.Release|x86.Build.0 = Release|Win32
		{35413D79-172A-451B-A863-72A91948313C}.Debug|x64.ActiveCfg = Debug|x64
		{35413D79-172A-451B-A863-72A91948313C}.Debug|x64.Build.0 = Debug|x64
		{35413D79-172A-451B-A863-72A91948313C}.Debug|x86.ActiveCfg = Debug|Win32
		{35413D79-172A-451B-A863-72A91948313C}.Debug|x86.Build.0 = Debug|Win32
		{35413D79-172A-451B-A863-72A91948313C}.Release|x64.ActiveCfg = Release|x64
		{35413D79-172A-451B-A863-72A91948313C}.Release|x64.Build.0 = Release|x64
		{35413D79-172A-451B-A863-72A91948313C}.Release|x86.ActiveCfg = Release|Win32
		{35413D79-172A-451B-A863-72A91948313C}.Release|x86.Build.0 = Release|Win32
		{D55721D0-428C-437A-85F7-E6A483538D9B}.Debug|x64.ActiveCfg = Debug|x64
		{D55721D0-428C-437A-85F7-E6A483538D9B}.Debug|x64.Build.0 = Debug|x64
		{D55721D0-428C-437A-85F7-E6A483538D9B}.Debug|x86.ActiveCfg = Debug|Win32
		{D55721D0-428C-437A-85F7-E6A483538D9B}.Debug|x86.Build.0 = Debug|Win32
		{D55721D0-428C-437A-85F7-E6A483538D9B}.Release|x64.ActiveCfg = Release|x64
		{D55721D0-428C-437A-85F7-E6A483538D9B}.Release|x64.Build.0 = Release|x64
		{D55721D0-428C-437A-85F7-E6A483538D9B}.Release|x86.ActiveCfg = Release|Win32
		{D55721D0-428C-437A-85F7-E6A483538D9B}.Release|x86.Build.0 = Release|Win32
		{4D0864ED-BA4E-4864-942E-DE7DB21D8618}.Debug|x64.ActiveCfg = Debug|x64
		{4D0864ED-BA4E-4864-942E-DE7DB21D8618}.Debug|x64.Build.0 = Debug|x64
		{4D0864ED-BA4E-4864-942E-DE7DB21D8618}.Debug|x86.ActiveCfg = Debug|Win32
		{4D0864ED-BA4E-4864-942E-DE7DB21D8618}.Debug|x86.Build.0 = Debug|Win32
		{4D0864ED-BA4E-4864-942E-DE7DB21D8618}.Release|x64.ActiveCfg = Release|x64
		{4D0864ED-BA4E-4864-942E-DE7DB21D8618}.Release|x64.Build.0 = Release|x64
		{4D0864ED-BA4E-4864-942E-DE7DB21D8618}.Release|x86.ActiveCfg = Release|Win32
		{4D0864ED-BA4E-4864-942E-DE7DB21D8618}.Release|x86.Build.0 = Release|Win32
		{27CE3A0A-2261-4338-B142-C7C7F5C5E09A}.Debug|x64.ActiveCfg = Debug|x64
		{27CE3A0A-2261-4338-B142-C7C7F5C5E09A}.Debug|x64.Build.0 = Debug|x64
		{27CE3A0A-2261-4338-B142-C7C7F5C5E09A}.Debug|x86.ActiveCfg = Debug|Win32
		{27CE3A0A-2261-4338-B142-C7C7F5C5E09A}.Debug|x86.Build.0 = Debug|Win32
		{27CE3A0A-2261-4338-B142-C7C7F5C5E09A}.Release|x64.ActiveCfg = Release|x64
		{27CE3A0A-2261-4338-B142-C7C7F5C5E09A}.Release|x64.Build.0 = Release|x64
		{27CE3A0A-2261-4338-B142-C7C7F5C5E09A}.Release|x86.ActiveCfg = Release|Win32
		{27CE3A0A-2261-4338-B142-C7C7F5C5E09A}.Release|x86.Build.0 = Release|Win32
		{08C9E291-618C-4B48-9E5B-98CC0E117350}.Debug|x64.ActiveCfg = Debug|x64
		{08C9E291-618C-4B48-9E5B-98CC0E117350}.Debug|x64.Build.0 = Debug|x64
		{08C9E291-618C-4B48-9E5B-98CC0E117350}.Debug|x86.ActiveCfg = Debug|Win32
		{08C9E291-618C-4B48-9E5B-98CC0E117350}.Debug|x86.Build.0 = Debug|Win32
		{08C9E291-618C-4B48-9E5B-98CC0E117350}.Release|x64.ActiveCfg = Release|x64
		{08C9E291-618C-4B48-9E5B-98CC0E117350}.Release|x64.Build.0 = Release|x64
		{08C9E291-618C-4B48-9E5B-98CC0E117350}.Release|x86.ActiveCfg = Release|Win32
		{08C9E291-618C-4B48-9E5B-98CC0E117350}.Release|x86.Build.0 = Release|Win32
		{AF453E6B-1A68-4A3B-ADB9-781C8CFF9354}.Debug|x64.ActiveCfg = Debug|x64
		{AF453E6B-1A68-4A3B-ADB9-781C8CFF9354}.Debug|x64.Build.0 = Debug|x64
		{AF453E6B-1A68-4A3B-ADB9-781C8CFF9354}.Debug|x86.ActiveCfg = Debug|Win32
		{AF453E6B-1A68-4A3B-ADB9-781C8CFF9354}.Debug|x86.Build.0 = Debug|Win32
		{AF453E6B-1A68-4A3B-ADB9-781C8CFF9354}.Release|x64.ActiveCfg = Release|x64
		{AF453E6B-1A68-4A3B-ADB9-781C8CFF9354}.Release|x64.Build.0 = Release|x64
		{AF453E6B-1A68-4A3B-ADB9-781C8CFF9354}.Release|x86.ActiveCfg = Release|Win32
		{AF453E6B-1A68-4A3B-ADB9-781C8CFF9354}.Release|x86.Build.0 = Release|Win32
		{1E4DD8C9-381F-488B-B4A4-6C7428419A44}.Debug|x64.ActiveCfg = Debug|x64
		{1E4DD8C9-381F-488B-B4A4-6C7428419A44}.Debug|x64.Build.0 = Debug|x64
		{1E4DD8C9-381F-488B-B4A4-6C7428419A44}.Debug|x86.ActiveCfg = Debug|Win32
		{1E4DD8C9-381F-488B-B4A4-6C7428419A44}.Debug|x86.Build.0 = Debug|Win32
		{1E4DD8C9-381F-488B-B4A4-6C7428419A44}.Release|x64.ActiveCfg = Release|x64
		{1E4DD8C9-381F-488B-B4A4-6C7428419A44}.Release|x64.Build.0 = Release|x64
		{1E4DD8C9-381F-488B-B4A4-6C7428419A44}.Release|x86.ActiveCfg = Release|Win32
		{1E4DD8C9-381F-488B-B4A4-6C7428419A44}.Release|x86.Build.0 = Release|Win32
		{164F6CB9-ECA9-412B-801E-EE78C54AA9F4}.Debug|x64.ActiveCfg = Debug|x64
		{164F6CB9-ECA9-412B-801E-EE78C54AA9F4}.Debug|x64.Build.0 = Debug|x64
		{164F6CB9-ECA9-412B-801E-EE78C54AA9F4}.Debug|x86.ActiveCfg = Debug|Win32
		{164F6CB9-ECA9-412B-801E-EE78C54AA9F4}.Debug|x86.Build.0 = Debug|Win32
		{164F6CB9-ECA9-412B-801E-EE78C54AA9F4}.Release|x64.ActiveCfg = Release|x64
		{164F6CB9-ECA9-412B-801E-EE78C54AA9F4}.Release|x64.Build.0 = Release|x64
		{164F6CB9-ECA9-412B-801E-EE78C54AA9F4}.Release|x86.ActiveCfg = Release|Win32
		{164F6CB9-ECA9-412B-801E-EE78C54AA9F4}.Release|x86.Build.0 = Release|Win32
		{339E4E6C-3634-4600-9F6F-BD4271D8D6A8}.Debug|x64.ActiveCfg = Debug|x64
		{339E4E6C-3634-4600-9F6F-BD4271D8D6A8}.Debug|x64.Build.0 = Debug|x64
		{339E4E6C-3634-4600-9F6F-BD4271D8D6A8}.Debug|x86.ActiveCfg = Debug|Win32
		{339E4E6C-3634-4600-9F6F-BD4271D8D6A8}.Debug|x86.Build.0 = Debug|Win32
		{339E4E6C-3634-4600-9F6F-BD4271D8D6A8}.Release|x64.ActiveCfg = Release|x64
		{339E4E6C-3634-4600-9F6F-BD4271D8D6A8}.Release|x64.Build.0 = Release|x64
		{339E4E6C-3634-4600-9F6F-BD4271D8D6A8}.Release|x86.ActiveCfg = Release|Win32
		{339E4E6C-3634-4600-9F6F-BD4271D8D6A8}.Release|x86.Build.0 = Release|Win32
		{B7C29047-90C5-453F-8852-14AEEE14EB0D}.Debug|x64.ActiveCfg = Debug|x64
		{B7C29047-90C5-453F-8852-14AEEE14EB0D}.Debug|x64.Build.0 = Debug|x64
		{B7C29047-90C5-453F-8852-14AEEE14EB0D}.Debug|x86.ActiveCfg = Debug|Win32
		{B7C29047-90C5-453F-8852-14AEEE14EB0D}.Debug|x86.Build.0 = Debug|Win32
		{B7C29047-90C5-453F-8852-14AEEE14EB0D}.Release|x64.ActiveCfg = Release|x64
		{B7C29047-90C5-453F-8852-14AEEE14EB0D}.Release|x64.Build.0 = Release|x64
		{B7C29047-90C5-453F-8852-14AEEE14EB0D}.Release|x86.ActiveCfg = Release|Win32
		{B7C29047-90C5-453F-8852-14AEEE14EB0D}.Release|x86.Build.0 = Release|Win32
		{33204B7F-76AA-4E13-9198-36DD5E876DFC}.Debug|x64.ActiveCfg = Debug|x64
		{33204B7F-76AA-4E13-9198-36DD5E876DFC}.Debug|x64.Build.0 = Debug|x64
		{33204B7F-76AA-4E13-9198-36DD5E876DFC}.Debug|x86.ActiveCfg = Debug|Win32
		{33204B7F-76AA-4E13-9198-36DD5E876DFC}.Debug|x86.Build.0 = Debug|Win32
		{33204B7F-76AA-4E13-9198-36DD5E876DFC}.Release|x64.ActiveCfg = Release|x64
		{33204B7F-76AA-4E13-9198-36DD5E876DFC}.Release|x64.Build.0 = Release|x64
		{33204B7F-76AA-4E13-9198-36DD5E876DFC}.Release|x86.ActiveCfg = Release|Win32
		{33204B7F-76AA-4E13-9198-36DD5E876DFC}.Release|x86.Build.0 = Release|Win32
		{AFE8EE61-D6FA-42C8-8A17-D7C8F5247897}.Debug|x64.ActiveCfg = Debug|x64
		{AFE8EE61-D6FA-42C8-8A17-D7C8F5247897}.Debug|x64.Build.0 = Debug|x64
		{AFE8EE61-D6FA-42C8-8A17-D7C8F5247897}.Debug|x86.ActiveCfg = Debug|Win32
		{AFE8EE61-D6FA-42C8-8A17-D7C8F5247897}.Debug|x86.Build.0 = Debug|Win32
		{AFE8EE61-D6FA-42C8-8A17-D7C8F5247897}.Release|x64.ActiveCfg = Release|x64
		{AFE8EE61-D6FA-42C8-8A17-D7C8F5247897}.Release|x64.Build.0 = Release|x64
		{AFE8EE61-D6FA-42C8-8A17-D7C8F5247897}.Release|x86.ActiveCfg = Release|Win32
		{AFE8EE61-D6FA-42C8-8A17-D7C8F5247897}.Release|x86.Build.0 = Release|Win32
		{5DD18C1A-E274-434F-A7BD-23DB0EFB7356}.Debug|x64.ActiveCfg = Debug|x64
		{5DD18C1A-E274-434F-A7BD-23DB0EFB7356}.Debug|x64.Build.0 = Debug|x64
		{5DD18C1A-E274-434F-A7BD-23DB0EFB7356}.Debug|x86.ActiveCfg = Debug|Win32
		{5DD18C1A-E274-434F-A7BD-23DB0EFB7356}.Debug|x86.Build.0 = Debug|Win32
		{5DD18C1A-E274-434F-A7BD-23DB0EFB7356}.Release|x64.ActiveCfg = Release|x64
		{5DD18C1A-E274-434F-A7BD-23DB0EFB7356}.Release|x64.Build.0 = Release|x64
		{5DD18C1A-E274-434F-A7BD-23DB0EFB7356}.Release|x86.ActiveCfg = Release|Win32
		{5DD18C1A-E274-434F-A7BD-23DB0EFB7356}.Release|x86.Build.0 = Release|Win32
		{397519AC-8DA5-444B-AD20-545DD8A7722A}.Debug|x64.ActiveCfg = Debug|x64
		{397519AC-8DA5-444B-AD20-545DD8A7722A}.Debug|x64.Build.0 = Debug|x64
		{397519AC-8DA5-444B-AD20-545DD8A7722A}.Debug|x86.ActiveCfg = Debug|Win32
		{397519AC-8DA5-444B-AD20-545DD8A7722A}.Debug|x86.Build.0 = Debug|Win32
		{397519AC-8DA5-444B-AD20-545DD8A7722A}.Release|x64.ActiveCfg = Release|x64
		{397519AC-8DA5-444B-AD20-545DD8A7722A}.Release|x64.Build.0 = Release|x64
		{397519AC-8DA5-444B-AD20-545DD8A7722A}.Release|x86.ActiveCfg = Release|Win32
		{397519AC-8DA5-444B-AD20-545DD8A7722A}.Release|x86.Build.0 = Release|Win32
		{AEE65C43-F2B3-496D-BD9B-6B892D398F2D}.Debug|x64.ActiveCfg = Debug|x64
		{AEE65C43-F2B3-496D-BD9B-6B892D398F2D}.Debug|x64.Build.0 = Debug|x64
		{AEE65C43-F2B3-496D-BD9B-6B892D398F2D}.Debug|x86.ActiveCfg = Debug|Win32
		{AEE65C43-F2B3-496D-BD9B-6B892D398F2D}.Debug|x86.Build.0 = Debug|Win32
		{AEE65C43-F2B3-496D-BD9B-6B892D398F2D}.Release|x64.ActiveCfg = Release|x64
		{AEE65C43-F2B3-496D-BD9B-6B892D398F2D}.Release|x64.Build.0 = Release|x64
		{AEE65C43-F2B3-496D-BD9B-6B892D398F2D}.Release|x86.ActiveCfg = Release|Win32
		{AEE65C43-F2B3-496D-BD9B-6B892D398F2D}.Release|x86.Build.0 = Release|Win32
		{B28AFDCE-F342-4F4C-AAEF-4051DD74A745}.Debug|x64.ActiveCfg = Debug|x64
		{B28AFDCE-F342-4F4C-AAEF-4051DD74A745}.Debug|x64.Build.0 = Debug|x64
		{B28AFDCE-F342-4F4C-AAEF-4051DD74A745}.Debug|x86.ActiveCfg = Debug|Win32
		{B28AFDCE-F342-4F4C-AAEF-4051DD74A745}.Debug|x86.Build.0 = Debug|Win32
		{B28AFDCE-F342-4F4C-AAEF-4051DD74A745}.Release|x64.ActiveCfg = Release|x64
		{B28AFDCE-F342-4F4C-AAEF-4051DD74A745}.Release|x64.Build.0 = Release|x64
		{B28AFDCE-F342-4F4C-AAEF-4051DD74A745}.Release|x86.ActiveCfg = Release|Win32
		{B28AFDCE-F342-4F4C-AAEF-4051DD74A745}.Release|x86.Build.0 = Release|Win32
		{1972D3A9-BC41-401C-8B9D-0F1FF7AB4497}.Debug|x64.ActiveCfg = Debug|x64
		{1972D3A9-BC41-401C-8B9D-0F1FF7AB4497}.Debug|x64.Build.0 = Debug|x64
		{1972D3A9-BC41-401C-8B9D-0F1FF7AB4497}.Debug|x86.ActiveCfg = Debug|Win32
		{1972D3A9-BC41-401C-8B9D-0F1FF7AB4497}.Debug|x86.Build.0 = Debug|Win32
		{1972D3A9-BC41-401C-8B9D-0F1FF7AB4497}.Release|x64.ActiveCfg = Release|x64
		{1972D3A9-BC41-401C-8B9D-0F1FF7AB4497}.Release|x64.Build.0 = Release|x64
		{1972D3A9-BC41-401C-8B9D-0F1FF7AB4497}.Release|x86.ActiveCfg = Release|Win32
		{1972D3A9-BC41-401C-8B9D-0F1FF7AB4497}.Release|x86.Build.0 = Release|Win32
		{EDB8EB6C-BBC8-447A-8D04-79C32FCBA3D8}.Debug|x64.ActiveCfg = Debug|x64
		{EDB8EB6C-BBC8-447A-8D04-79C32FCBA3D8}.Debug|x64.Build.0 = Debug|x64
		{EDB8EB6C-BBC8-447A-8D04-79C32FCBA3D8}.Debug|x86.ActiveCfg = Debug|Win32
		{EDB8EB6C-BBC8-447A-8D04-79C32FCBA3D8}.Debug|x86.Build.0 = Debug|Win32
		{EDB8EB6C-BBC8-447A-8D04-79C32FCBA3D8}.Release|x64.ActiveCfg = Release|x64
		{EDB8EB6C-BBC8-447A-8D04-79C32FCBA3D8}.Release|x64.Build.0 = Release|x64
		{EDB8EB6C-BBC8-447A-8D04-79C32FCBA3D8}.Release|x86.ActiveCfg = Release|Win32
		{EDB8EB6C-BBC8-447A-8D04-79C32FCBA3D8}.Release|x86.Build.0 = Release|Win32
		{406BEB9C-6A34-4411-AAB1-415D428F98A4}.Debug|x64.ActiveCfg = Debug|x64
		{406BEB9C-6A34-4411-AAB1-415D428F98A4}.Debug|x64.Build.0 = Debug|x64
		{406BEB9C-6A34-4411-AAB1-415D428F98A4}.Debug|x86.ActiveCfg = Debug|Win32
		{406BEB9C-6A34-4411-AAB1-415D428F98A4}.Debug|x86.Build.0 = Debug|Win32
		{406BEB9C-6A34-4411-AAB1-415D428F98A4}.Release|x64.ActiveCfg = Release|x64
		{406BEB9C-6A34-4411-AAB1-415D428F98A4}.Release|x64.Build.0 = Release|x64
		{406BEB9C-6A34-4411-AAB1-415D428F98A4}.Release|x86.ActiveCfg = Release|Win32
		{406BEB9C-6A34-4411-AAB1-415D428F98A4}.Release|x86.Build.0 = Release|Win32
		{46DC89F9-F691-41B2-BD2A-A58B99EAC4DB}.Debug|x64.ActiveCfg = Debug|x64
		{46DC89F9-F691-41B2-BD2A-A58B99EAC4DB}.Debug|x64.Build.0 = Debug|x64
		{46DC89F9-F691-41B2-BD2A-A58B99EAC4DB}.Debug|x86.ActiveCfg = Debug|Win32
		{46DC89F9-F691-41B2-BD2A-A58B99EAC4DB}.Debug|x86.Build.0 = Debug|Win32
		{46DC89F9-F691-41B2-BD2A-A58B99EAC4DB}.Release|x64.ActiveCfg = Release|x64
		{46DC89F9-F691-41B2-BD2A-A58B99EAC4DB}.Release|x64.Build.0 = Release|x64
		{46DC89F9-F691-41B2-BD2A-A58B99EAC4DB}.Release|x86.ActiveCfg = Release|Win32
		{46DC89F9-F691-41B2-BD2A-A58B99EAC4DB}.Release|x86.Build.0 = Release|Win32
		{8C7E87E1-24B6-4956-8C5E-1C1911164A86}.Debug|x64.ActiveCfg = Debug|x64
		{8C7E87E1-24B6-4956-8C5E-1C1911164A86}.Debug|x64.Build.0 = Debug|x64
		{8C7E87E1-24B6-4956-8C5E-1C1911164A86}.Debug|x86.ActiveCfg = Debug|Win32
		{8C7E87E1-24B6-4956-8C5E-1C1911164A86}.Debug|x86.Build.0 = Debug|Win32
		{8C7E87E1-24B6-4956-8C5E-1C1911164A86}.Release|x64.ActiveCfg = Release|x64
		{8C7E87E1-24B6-4956-8C5E-1C1911164A86}.Release|x64.Build.0 = Release|x64
		{8C7E87E1-24B6-4956-8C5E-1C1911164A86}.Release|x86.ActiveCfg = Release|Win32
		{8C7E87E1-24B6-4956-8C5E-1C1911164A86}.Release|x86.Build.0 = Release|Win32
		{8C2C90C6-BC77-4925-A4C2-2EFCF700AF92}.Debug|x64.ActiveCfg = Debug|x64
		{8C2C90C6-BC77-4925-A4C2-2EFCF700AF92}.Debug|x64.Build.0 = Debug|x64
		{8C2C90C6-BC77-4925-A4C2-2EFCF700AF92}.Debug|x86.ActiveCfg = Debug|Win32
		{8C2C90C6-BC77-4925-A4C2-2EFCF700AF92}.Debug|x86.Build.0 = Debug|Win32
		{8C2C90C6-BC77-4925-A4C2-2EFCF700AF92}.Release|x64.ActiveCfg = Release|x64
		{8C2C90C6-BC77-4925-A4C2-2EFCF700AF92}.Release|x64.Build.0 = Release|x64
		{8C2C90C6-BC77-4925-A4C2-2EFCF700AF92}.Release|x86.ActiveCfg = Release|Win32
		{8C2C90C6-BC77-4925-A4C2-2EFCF700AF92}.Release|x86.Build.0 = Release|Win32
	EndGlobalSection
	GlobalSection(SolutionProperties) = preSolution
		HideSolutionNode = FALSE
	EndGlobalSection
	GlobalSection(NestedProjects) = preSolution
		{4848755E-5716-4E38-9E48-74CF7493FEEB} = {349047F8-8760-4120-8DD4-4BA65AAD9335}
		{8B19110B-CC46-49EA-9830-15D8D1CA32DF} = {423C2D8D-8746-4F57-BDD2-7776EBFDA41E}
		{5D5FE73A-47B8-4E05-B9E0-4C08F6460115} = {349047F8-8760-4120-8DD4-4BA65AAD9335}
		{54DE2463-6B95-40A3-B2DB-0BD9853DFFC4} = {F632C522-D916-4087-AA8B-98AD0AA82EA8}
		{4F3DE034-6FCC-4FBF-B2CA-E94A5BAE3192} = {423C2D8D-8746-4F57-BDD2-7776EBFDA41E}
		{1A25D200-F922-401A-B347-7EA810EE6776} = {349047F8-8760-4120-8DD4-4BA65AAD9335}
		{0A4C0530-7556-4227-9A83-A08AEB8EDF60} = {423C2D8D-8746-4F57-BDD2-7776EBFDA41E}
		{E81C7D9D-8BB1-46DE-96F3-F4C302293077} = {CEE12595-8576-4C14-AC22-7D453304E556}
		{F2CE9FC7-92F9-4C88-B109-2F4286663E8F} = {423C2D8D-8746-4F57-BDD2-7776EBFDA41E}
		{A8A743DD-35B0-42DC-BE0D-010155D7C87B} = {423C2D8D-8746-4F57-BDD2-7776EBFDA41E}
		{E0B52AE7-E160-4D32-BF3F-910B785E5A8E} = {275F503E-82CA-4021-8256-16BCCD8FA29C}
		{35413D79-172A-451B-A863-72A91948313C} = {349047F8-8760-4120-8DD4-4BA65AAD9335}
		{7F05EC14-0F63-4CA0-BAEB-F384EDFABEB1} = {E8E01056-23AE-4AD7-965A-D1D06BA796A3}
		{D55721D0-428C-437A-85F7-E6A483538D9B} = {423C2D8D-8746-4F57-BDD2-7776EBFDA41E}
		{4D0864ED-BA4E-4864-942E-DE7DB21D8618} = {423C2D8D-8746-4F57-BDD2-7776EBFDA41E}
		{27CE3A0A-2261-4338-B142-C7C7F5C5E09A} = {275F503E-82CA-4021-8256-16BCCD8FA29C}
		{08C9E291-618C-4B48-9E5B-98CC0E117350} = {622A56DC-5848-4D7A-B1A1-42C3046182A6}
		{AF453E6B-1A68-4A3B-ADB9-781C8CFF9354} = {622A56DC-5848-4D7A-B1A1-42C3046182A6}
		{1E4DD8C9-381F-488B-B4A4-6C7428419A44} = {622A56DC-5848-4D7A-B1A1-42C3046182A6}
		{164F6CB9-ECA9-412B-801E-EE78C54AA9F4} = {622A56DC-5848-4D7A-B1A1-42C3046182A6}
		{339E4E6C-3634-4600-9F6F-BD4271D8D6A8} = {C92EE530-CB04-4D68-BBCD-8B300F9EB4A8}
		{B7C29047-90C5-453F-8852-14AEEE14EB0D} = {622A56DC-5848-4D7A-B1A1-42C3046182A6}
		{33204B7F-76AA-4E13-9198-36DD5E876DFC} = {622A56DC-5848-4D7A-B1A1-42C3046182A6}
		{AFE8EE61-D6FA-42C8-8A17-D7C8F5247897} = {6573978A-A1B8-4150-8A2A-9F7056F473F5}
		{5DD18C1A-E274-434F-A7BD-23DB0EFB7356} = {6573978A-A1B8-4150-8A2A-9F7056F473F5}
		{397519AC-8DA5-444B-AD20-545DD8A7722A} = {349047F8-8760-4120-8DD4-4BA65AAD9335}
		{AEE65C43-F2B3-496D-BD9B-6B892D398F2D} = {6573978A-A1B8-4150-8A2A-9F7056F473F5}
		{B28AFDCE-F342-4F4C-AAEF-4051DD74A745} = {6573978A-A1B8-4150-8A2A-9F7056F473F5}
		{1972D3A9-BC41-401C-8B9D-0F1FF7AB4497} = {F632C522-D916-4087-AA8B-98AD0AA82EA8}
		{519D1081-82AD-4415-8BA4-C14AF4F26A5E} = {E8E01056-23AE-4AD7-965A-D1D06BA796A3}
		{EDB8EB6C-BBC8-447A-8D04-79C32FCBA3D8} = {DF32C147-0F92-42BA-880D-5F56DA8F281F}
		{406BEB9C-6A34-4411-AAB1-415D428F98A4} = {A9E066E0-8B32-4779-8FBA-B62D2A10A44E}
		{46DC89F9-F691-41B2-BD2A-A58B99EAC4DB} = {A9E066E0-8B32-4779-8FBA-B62D2A10A44E}
		{F206B1D5-9084-4627-9688-360C113ABDA6} = {E8E01056-23AE-4AD7-965A-D1D06BA796A3}
		{8C7E87E1-24B6-4956-8C5E-1C1911164A86} = {A9E066E0-8B32-4779-8FBA-B62D2A10A44E}
		{8C2C90C6-BC77-4925-A4C2-2EFCF700AF92} = {47DF7B83-0D6D-412F-96E0-39E6BBA80BE2}
	EndGlobalSection
	GlobalSection(ExtensibilityGlobals) = postSolution
		SolutionGuid = {161D608D-6129-42B0-8886-C2A26F615645}
	EndGlobalSection
EndGlobal
